{
  "nodes": {
    "nixpkgs": {
      "locked": {
        "lastModified": 1712168706,
        "narHash": "sha256-XP24tOobf6GGElMd0ux90FEBalUtw6NkBSVh/RlA6ik=",
        "owner": "NixOS",
        "repo": "nixpkgs",
        "rev": "1487bdea619e4a7a53a4590c475deabb5a9d1bfb",
        "type": "github"
      },
      "original": {
        "id": "nixpkgs",
        "ref": "nixos-23.11",
        "type": "indirect"
      }
    },
    "nixpkgs-unstable": {
      "locked": {
        "lastModified": 1712122226,
        "narHash": "sha256-pmgwKs8Thu1WETMqCrWUm0CkN1nmCKX3b51+EXsAZyY=",
        "owner": "NixOS",
        "repo": "nixpkgs",
        "rev": "08b9151ed40350725eb40b1fe96b0b86304a654b",
        "type": "github"
      },
      "original": {
        "id": "nixpkgs",
        "ref": "nixos-unstable",
        "type": "indirect"
      }
    },
    "root": {
      "inputs": {
        "nixpkgs": "nixpkgs",
        "nixpkgs-unstable": "nixpkgs-unstable"
      }
    }
  },
  "root": "root",
  "version": 7
}
